// !$*UTF8*$!
{
	archiveVersion = 1;
	classes = {
	};
	objectVersion = 77;
	objects = {

/* Begin PBXBuildFile section */
		5A11E00000000000000000A3 /* Sparkle in Frameworks */ = {isa = PBXBuildFile; productRef = 5A11E00000000000000000A2 /* Sparkle */; };
		D455C1342CF502860086065B /* BitCollections in Frameworks */ = {isa = PBXBuildFile; productRef = D455C1332CF502860086065B /* BitCollections */; };
		D455C1362CF502860086065B /* Collections in Frameworks */ = {isa = PBXBuildFile; productRef = D455C1352CF502860086065B /* Collections */; };
		D455C1382CF502860086065B /* DequeModule in Frameworks */ = {isa = PBXBuildFile; productRef = D455C1372CF502860086065B /* DequeModule */; };
		D455C13A2CF502860086065B /* HashTreeCollections in Frameworks */ = {isa = PBXBuildFile; productRef = D455C1392CF502860086065B /* HashTreeCollections */; };
		D455C13C2CF502860086065B /* HeapModule in Frameworks */ = {isa = PBXBuildFile; productRef = D455C13B2CF502860086065B /* HeapModule */; };
		D455C13E2CF502860086065B /* OrderedCollections in Frameworks */ = {isa = PBXBuildFile; productRef = D455C13D2CF502860086065B /* OrderedCollections */; };
		D4790CCA2D09998700D9C2AE /* LaunchAtLogin in Frameworks */ = {isa = PBXBuildFile; productRef = D4790CC92D09998700D9C2AE /* LaunchAtLogin */; };
		D4EB3AB22CF1C3E200953F83 /* libIOReport.tbd in Frameworks */ = {isa = PBXBuildFile; fileRef = D4EB3AAF2CF1BC2300953F83 /* libIOReport.tbd */; };
/* End PBXBuildFile section */

/* Begin PBXContainerItemProxy section */
		D41EC8702CE24DF700452C1F /* PBXContainerItemProxy */ = {
			isa = PBXContainerItemProxy;
			containerPortal = D41EC8542CE24DF600452C1F /* Project object */;
			proxyType = 1;
			remoteGlobalIDString = D41EC85B2CE24DF600452C1F;
			remoteInfo = StatsBar;
		};
		D41EC87A2CE24DF700452C1F /* PBXContainerItemProxy */ = {
			isa = PBXContainerItemProxy;
			containerPortal = D41EC8542CE24DF600452C1F /* Project object */;
			proxyType = 1;
			remoteGlobalIDString = D41EC85B2CE24DF600452C1F;
			remoteInfo = StatsBar;
		};
/* End PBXContainerItemProxy section */

/* Begin PBXFileReference section */
		D41EC85C2CE24DF600452C1F /* StatsBar.app */ = {isa = PBXFileReference; explicitFileType = wrapper.application; includeInIndex = 0; path = StatsBar.app; sourceTree = BUILT_PRODUCTS_DIR; };
		D41EC86F2CE24DF700452C1F /* StatsBarTests.xctest */ = {isa = PBXFileReference; explicitFileType = wrapper.cfbundle; includeInIndex = 0; path = StatsBarTests.xctest; sourceTree = BUILT_PRODUCTS_DIR; };
		D41EC8792CE24DF700452C1F /* StatsBarUITests.xctest */ = {isa = PBXFileReference; explicitFileType = wrapper.cfbundle; includeInIndex = 0; path = StatsBarUITests.xctest; sourceTree = BUILT_PRODUCTS_DIR; };
		D4EB3AAF2CF1BC2300953F83 /* libIOReport.tbd */ = {isa = PBXFileReference; lastKnownFileType = "sourcecode.text-based-dylib-definition"; name = libIOReport.tbd; path = usr/lib/libIOReport.tbd; sourceTree = SDKROOT; };
/* End PBXFileReference section */

/* Begin PBXFileSystemSynchronizedRootGroup section */
		D41EC85E2CE24DF600452C1F /* StatsBar */ = {
			isa = PBXFileSystemSynchronizedRootGroup;
			path = StatsBar;
			sourceTree = "<group>";
		};
		D41EC8722CE24DF700452C1F /* StatsBarTests */ = {
			isa = PBXFileSystemSynchronizedRootGroup;
			path = StatsBarTests;
			sourceTree = "<group>";
		};
		D41EC87C2CE24DF700452C1F /* StatsBarUITests */ = {
			isa = PBXFileSystemSynchronizedRootGroup;
			path = StatsBarUITests;
			sourceTree = "<group>";
		};
/* End PBXFileSystemSynchronizedRootGroup section */

/* Begin PBXFrameworksBuildPhase section */
		D41EC8592CE24DF600452C1F /* Frameworks */ = {
			isa = PBXFrameworksBuildPhase;
			buildActionMask = 2147483647;
			files = (
				D455C13A2CF502860086065B /* HashTreeCollections in Frameworks */,
				D455C1362CF502860086065B /* Collections in Frameworks */,
				D455C1382CF502860086065B /* DequeModule in Frameworks */,
				D455C1342CF502860086065B /* BitCollections in Frameworks */,
				D455C13C2CF502860086065B /* HeapModule in Frameworks */,
				D455C13E2CF502860086065B /* OrderedCollections in Frameworks */,
				D4790CCA2D09998700D9C2AE /* LaunchAtLogin in Frameworks */,
				5A11E00000000000000000A3 /* Sparkle in Frameworks */,
				D4EB3AB22CF1C3E200953F83 /* libIOReport.tbd in Frameworks */,
			);
			runOnlyForDeploymentPostprocessing = 0;
		};
		D41EC86C2CE24DF700452C1F /* Frameworks */ = {
			isa = PBXFrameworksBuildPhase;
			buildActionMask = 2147483647;
			files = (
			);
			runOnlyForDeploymentPostprocessing = 0;
		};
		D41EC8762CE24DF700452C1F /* Frameworks */ = {
			isa = PBXFrameworksBuildPhase;
			buildActionMask = 2147483647;
			files = (
			);
			runOnlyForDeploymentPostprocessing = 0;
		};
/* End PBXFrameworksBuildPhase section */

/* Begin PBXGroup section */
		D41EC8532CE24DF600452C1F = {
			isa = PBXGroup;
			children = (
				D41EC85E2CE24DF600452C1F /* StatsBar */,
				D41EC8722CE24DF700452C1F /* StatsBarTests */,
				D41EC87C2CE24DF700452C1F /* StatsBarUITests */,
				D4EB3AAE2CF1BC2300953F83 /* Frameworks */,
				D41EC85D2CE24DF600452C1F /* Products */,
			);
			sourceTree = "<group>";
		};
		D41EC85D2CE24DF600452C1F /* Products */ = {
			isa = PBXGroup;
			children = (
				D41EC85C2CE24DF600452C1F /* StatsBar.app */,
				D41EC86F2CE24DF700452C1F /* StatsBarTests.xctest */,
				D41EC8792CE24DF700452C1F /* StatsBarUITests.xctest */,
			);
			name = Products;
			sourceTree = "<group>";
		};
		D4EB3AAE2CF1BC2300953F83 /* Frameworks */ = {
			isa = PBXGroup;
			children = (
				D4EB3AAF2CF1BC2300953F83 /* libIOReport.tbd */,
			);
			name = Frameworks;
			sourceTree = "<group>";
		};
/* End PBXGroup section */

/* Begin PBXNativeTarget section */
		D41EC85B2CE24DF600452C1F /* StatsBar */ = {
			isa = PBXNativeTarget;
			buildConfigurationList = D41EC8832CE24DF700452C1F /* Build configuration list for PBXNativeTarget "StatsBar" */;
			buildPhases = (
				D41EC8582CE24DF600452C1F /* Sources */,
				D41EC8592CE24DF600452C1F /* Frameworks */,
				D41EC85A2CE24DF600452C1F /* Resources */,
			);
			buildRules = (
			);
			dependencies = (
			);
			fileSystemSynchronizedGroups = (
				D41EC85E2CE24DF600452C1F /* StatsBar */,
			);
			name = StatsBar;
			packageProductDependencies = (
				D455C1332CF502860086065B /* BitCollections */,
				D455C1352CF502860086065B /* Collections */,
				D455C1372CF502860086065B /* DequeModule */,
				D455C1392CF502860086065B /* HashTreeCollections */,
				D455C13B2CF502860086065B /* HeapModule */,
				D455C13D2CF502860086065B /* OrderedCollections */,
				D4790CC92D09998700D9C2AE /* LaunchAtLogin */,
				5A11E00000000000000000A2 /* Sparkle */,
			);
			productName = StatsBar;
			productReference = D41EC85C2CE24DF600452C1F /* StatsBar.app */;
			productType = "com.apple.product-type.application";
		};
		D41EC86E2CE24DF700452C1F /* StatsBarTests */ = {
			isa = PBXNativeTarget;
			buildConfigurationList = D41EC8862CE24DF700452C1F /* Build configuration list for PBXNativeTarget "StatsBarTests" */;
			buildPhases = (
				D41EC86B2CE24DF700452C1F /* Sources */,
				D41EC86C2CE24DF700452C1F /* Frameworks */,
				D41EC86D2CE24DF700452C1F /* Resources */,
			);
			buildRules = (
			);
			dependencies = (
				D41EC8712CE24DF700452C1F /* PBXTargetDependency */,
			);
			fileSystemSynchronizedGroups = (
				D41EC8722CE24DF700452C1F /* StatsBarTests */,
			);
			name = StatsBarTests;
			packageProductDependencies = (
			);
			productName = StatsBarTests;
			productReference = D41EC86F2CE24DF700452C1F /* StatsBarTests.xctest */;
			productType = "com.apple.product-type.bundle.unit-test";
		};
		D41EC8782CE24DF700452C1F /* StatsBarUITests */ = {
			isa = PBXNativeTarget;
			buildConfigurationList = D41EC8892CE24DF700452C1F /* Build configuration list for PBXNativeTarget "StatsBarUITests" */;
			buildPhases = (
				D41EC8752CE24DF700452C1F /* Sources */,
				D41EC8762CE24DF700452C1F /* Frameworks */,
				D41EC8772CE24DF700452C1F /* Resources */,
			);
			buildRules = (
			);
			dependencies = (
				D41EC87B2CE24DF700452C1F /* PBXTargetDependency */,
			);
			fileSystemSynchronizedGroups = (
				D41EC87C2CE24DF700452C1F /* StatsBarUITests */,
			);
			name = StatsBarUITests;
			packageProductDependencies = (
			);
			productName = StatsBarUITests;
			productReference = D41EC8792CE24DF700452C1F /* StatsBarUITests.xctest */;
			productType = "com.apple.product-type.bundle.ui-testing";
		};
/* End PBXNativeTarget section */

/* Begin PBXProject section */
		D41EC8542CE24DF600452C1F /* Project object */ = {
			isa = PBXProject;
			attributes = {
				BuildIndependentTargetsInParallel = 1;
				LastSwiftUpdateCheck = 1610;
				LastUpgradeCheck = 1620;
				TargetAttributes = {
					D41EC85B2CE24DF600452C1F = {
						CreatedOnToolsVersion = 16.1;
					};
					D41EC86E2CE24DF700452C1F = {
						CreatedOnToolsVersion = 16.1;
						TestTargetID = D41EC85B2CE24DF600452C1F;
					};
					D41EC8782CE24DF700452C1F = {
						CreatedOnToolsVersion = 16.1;
						TestTargetID = D41EC85B2CE24DF600452C1F;
					};
				};
			};
			buildConfigurationList = D41EC8572CE24DF600452C1F /* Build configuration list for PBXProject "StatsBar" */;
			developmentRegion = en;
			hasScannedForEncodings = 0;
			knownRegions = (
				en,
				Base,
			);
			mainGroup = D41EC8532CE24DF600452C1F;
			minimizedProjectReferenceProxies = 1;
			packageReferences = (
				D455C1322CF502860086065B /* XCRemoteSwiftPackageReference "swift-collections" */,
				D4790CC82D09998700D9C2AE /* XCRemoteSwiftPackageReference "LaunchAtLogin-Modern" */,
				5A11E00000000000000000A1 /* XCRemoteSwiftPackageReference "Sparkle" */,
			);
			preferredProjectObjectVersion = 77;
			productRefGroup = D41EC85D2CE24DF600452C1F /* Products */;
			projectDirPath = "";
			projectRoot = "";
			targets = (
				D41EC85B2CE24DF600452C1F /* StatsBar */,
				D41EC86E2CE24DF700452C1F /* StatsBarTests */,
				D41EC8782CE24DF700452C1F /* StatsBarUITests */,
			);
		};
/* End PBXProject section */

/* Begin PBXResourcesBuildPhase section */
		D41EC85A2CE24DF600452C1F /* Resources */ = {
			isa = PBXResourcesBuildPhase;
			buildActionMask = 2147483647;
			files = (
			);
			runOnlyForDeploymentPostprocessing = 0;
		};
		D41EC86D2CE24DF700452C1F /* Resources */ = {
			isa = PBXResourcesBuildPhase;
			buildActionMask = 2147483647;
			files = (
			);
			runOnlyForDeploymentPostprocessing = 0;
		};
		D41EC8772CE24DF700452C1F /* Resources */ = {
			isa = PBXResourcesBuildPhase;
			buildActionMask = 2147483647;
			files = (
			);
			runOnlyForDeploymentPostprocessing = 0;
		};
/* End PBXResourcesBuildPhase section */

/* Begin PBXSourcesBuildPhase section */
		D41EC8582CE24DF600452C1F /* Sources */ = {
			isa = PBXSourcesBuildPhase;
			buildActionMask = 2147483647;
			files = (
			);
			runOnlyForDeploymentPostprocessing = 0;
		};
		D41EC86B2CE24DF700452C1F /* Sources */ = {
			isa = PBXSourcesBuildPhase;
			buildActionMask = 2147483647;
			files = (
			);
			runOnlyForDeploymentPostprocessing = 0;
		};
		D41EC8752CE24DF700452C1F /* Sources */ = {
			isa = PBXSourcesBuildPhase;
			buildActionMask = 2147483647;
			files = (
			);
			runOnlyForDeploymentPostprocessing = 0;
		};
/* End PBXSourcesBuildPhase section */

/* Begin PBXTargetDependency section */
		D41EC8712CE24DF700452C1F /* PBXTargetDependency */ = {
			isa = PBXTargetDependency;
			target = D41EC85B2CE24DF600452C1F /* StatsBar */;
			targetProxy = D41EC8702CE24DF700452C1F /* PBXContainerItemProxy */;
		};
		D41EC87B2CE24DF700452C1F /* PBXTargetDependency */ = {
			isa = PBXTargetDependency;
			target = D41EC85B2CE24DF600452C1F /* StatsBar */;
			targetProxy = D41EC87A2CE24DF700452C1F /* PBXContainerItemProxy */;
		};
/* End PBXTargetDependency section */

/* Begin XCBuildConfiguration section */
		D41EC8812CE24DF700452C1F /* Debug */ = {
			isa = XCBuildConfiguration;
			buildSettings = {
				ALWAYS_SEARCH_USER_PATHS = NO;
				ASSETCATALOG_COMPILER_GENERATE_SWIFT_ASSET_SYMBOL_EXTENSIONS = YES;
				CLANG_ANALYZER_NONNULL = YES;
				CLANG_ANALYZER_NUMBER_OBJECT_CONVERSION = YES_AGGRESSIVE;
				CLANG_CXX_LANGUAGE_STANDARD = "gnu++20";
				CLANG_ENABLE_MODULES = YES;
				CLANG_ENABLE_OBJC_ARC = YES;
				CLANG_ENABLE_OBJC_WEAK = YES;
				CLANG_WARN_BLOCK_CAPTURE_AUTORELEASING = YES;
				CLANG_WARN_BOOL_CONVERSION = YES;
				CLANG_WARN_COMMA = YES;
				CLANG_WARN_CONSTANT_CONVERSION = YES;
				CLANG_WARN_DEPRECATED_OBJC_IMPLEMENTATIONS = YES;
				CLANG_WARN_DIRECT_OBJC_ISA_USAGE = YES_ERROR;
				CLANG_WARN_DOCUMENTATION_COMMENTS = YES;
				CLANG_WARN_EMPTY_BODY = YES;
				CLANG_WARN_ENUM_CONVERSION = YES;
				CLANG_WARN_INFINITE_RECURSION = YES;
				CLANG_WARN_INT_CONVERSION = YES;
				CLANG_WARN_NON_LITERAL_NULL_CONVERSION = YES;
				CLANG_WARN_OBJC_IMPLICIT_RETAIN_SELF = YES;
				CLANG_WARN_OBJC_LITERAL_CONVERSION = YES;
				CLANG_WARN_OBJC_ROOT_CLASS = YES_ERROR;
				CLANG_WARN_QUOTED_INCLUDE_IN_FRAMEWORK_HEADER = YES;
				CLANG_WARN_RANGE_LOOP_ANALYSIS = YES;
				CLANG_WARN_STRICT_PROTOTYPES = YES;
				CLANG_WARN_SUSPICIOUS_MOVE = YES;
				CLANG_WARN_UNGUARDED_AVAILABILITY = YES_AGGRESSIVE;
				CLANG_WARN_UNREACHABLE_CODE = YES;
				CLANG_WARN__DUPLICATE_METHOD_MATCH = YES;
				COPY_PHASE_STRIP = NO;
				DEAD_CODE_STRIPPING = YES;
				DEBUG_INFORMATION_FORMAT = dwarf;
				ENABLE_STRICT_OBJC_MSGSEND = YES;
				ENABLE_TESTABILITY = YES;
				ENABLE_USER_SCRIPT_SANDBOXING = YES;
				GCC_C_LANGUAGE_STANDARD = gnu17;
				GCC_DYNAMIC_NO_PIC = NO;
				GCC_NO_COMMON_BLOCKS = YES;
				GCC_OPTIMIZATION_LEVEL = 0;
				GCC_PREPROCESSOR_DEFINITIONS = (
					"DEBUG=1",
					"$(inherited)",
				);
				GCC_WARN_64_TO_32_BIT_CONVERSION = YES;
				GCC_WARN_ABOUT_RETURN_TYPE = YES_ERROR;
				GCC_WARN_UNDECLARED_SELECTOR = YES;
				GCC_WARN_UNINITIALIZED_AUTOS = YES_AGGRESSIVE;
				GCC_WARN_UNUSED_FUNCTION = YES;
				GCC_WARN_UNUSED_VARIABLE = YES;
				LOCALIZATION_PREFERS_STRING_CATALOGS = YES;
				MACOSX_DEPLOYMENT_TARGET = 15.1;
				MTL_ENABLE_DEBUG_INFO = INCLUDE_SOURCE;
				MTL_FAST_MATH = YES;
				ONLY_ACTIVE_ARCH = YES;
				SDKROOT = macosx;
				SWIFT_ACTIVE_COMPILATION_CONDITIONS = "DEBUG $(inherited)";
				SWIFT_OBJC_BRIDGING_HEADER = "$(SRCROOT)/$(PROJECT_NAME)/$(SWIFT_MODULE_NAME)-Bridging-Header.h";
				SWIFT_OPTIMIZATION_LEVEL = "-Onone";
			};
			name = Debug;
		};
		D41EC8822CE24DF700452C1F /* Release */ = {
			isa = XCBuildConfiguration;
			buildSettings = {
				ALWAYS_SEARCH_USER_PATHS = NO;
				ASSETCATALOG_COMPILER_GENERATE_SWIFT_ASSET_SYMBOL_EXTENSIONS = YES;
				CLANG_ANALYZER_NONNULL = YES;
				CLANG_ANALYZER_NUMBER_OBJECT_CONVERSION = YES_AGGRESSIVE;
				CLANG_CXX_LANGUAGE_STANDARD = "gnu++20";
				CLANG_ENABLE_MODULES = YES;
				CLANG_ENABLE_OBJC_ARC = YES;
				CLANG_ENABLE_OBJC_WEAK = YES;
				CLANG_WARN_BLOCK_CAPTURE_AUTORELEASING = YES;
				CLANG_WARN_BOOL_CONVERSION = YES;
				CLANG_WARN_COMMA = YES;
				CLANG_WARN_CONSTANT_CONVERSION = YES;
				CLANG_WARN_DEPRECATED_OBJC_IMPLEMENTATIONS = YES;
				CLANG_WARN_DIRECT_OBJC_ISA_USAGE = YES_ERROR;
				CLANG_WARN_DOCUMENTATION_COMMENTS = YES;
				CLANG_WARN_EMPTY_BODY = YES;
				CLANG_WARN_ENUM_CONVERSION = YES;
				CLANG_WARN_INFINITE_RECURSION = YES;
				CLANG_WARN_INT_CONVERSION = YES;
				CLANG_WARN_NON_LITERAL_NULL_CONVERSION = YES;
				CLANG_WARN_OBJC_IMPLICIT_RETAIN_SELF = YES;
				CLANG_WARN_OBJC_LITERAL_CONVERSION = YES;
				CLANG_WARN_OBJC_ROOT_CLASS = YES_ERROR;
				CLANG_WARN_QUOTED_INCLUDE_IN_FRAMEWORK_HEADER = YES;
				CLANG_WARN_RANGE_LOOP_ANALYSIS = YES;
				CLANG_WARN_STRICT_PROTOTYPES = YES;
				CLANG_WARN_SUSPICIOUS_MOVE = YES;
				CLANG_WARN_UNGUARDED_AVAILABILITY = YES_AGGRESSIVE;
				CLANG_WARN_UNREACHABLE_CODE = YES;
				CLANG_WARN__DUPLICATE_METHOD_MATCH = YES;
				COPY_PHASE_STRIP = NO;
				DEAD_CODE_STRIPPING = YES;
				DEBUG_INFORMATION_FORMAT = "dwarf-with-dsym";
				ENABLE_NS_ASSERTIONS = NO;
				ENABLE_STRICT_OBJC_MSGSEND = YES;
				ENABLE_USER_SCRIPT_SANDBOXING = YES;
				GCC_C_LANGUAGE_STANDARD = gnu17;
				GCC_NO_COMMON_BLOCKS = YES;
				GCC_WARN_64_TO_32_BIT_CONVERSION = YES;
				GCC_WARN_ABOUT_RETURN_TYPE = YES_ERROR;
				GCC_WARN_UNDECLARED_SELECTOR = YES;
				GCC_WARN_UNINITIALIZED_AUTOS = YES_AGGRESSIVE;
				GCC_WARN_UNUSED_FUNCTION = YES;
				GCC_WARN_UNUSED_VARIABLE = YES;
				LOCALIZATION_PREFERS_STRING_CATALOGS = YES;
				MACOSX_DEPLOYMENT_TARGET = 15.1;
				MTL_ENABLE_DEBUG_INFO = NO;
				MTL_FAST_MATH = YES;
				SDKROOT = macosx;
				SWIFT_COMPILATION_MODE = wholemodule;
				SWIFT_OBJC_BRIDGING_HEADER = "$(SRCROOT)/$(PROJECT_NAME)/$(SWIFT_MODULE_NAME)-Bridging-Header.h";
			};
			name = Release;
		};
		D41EC8842CE24DF700452C1F /* Debug */ = {
			isa = XCBuildConfiguration;
			buildSettings = {
				ASSETCATALOG_COMPILER_APPICON_NAME = AppIcon;
				ASSETCATALOG_COMPILER_GLOBAL_ACCENT_COLOR_NAME = AccentColor;
				CLANG_USE_OPTIMIZATION_PROFILE = YES;
				CODE_SIGN_ENTITLEMENTS = StatsBar/StatsBar.entitlements;
				CODE_SIGN_IDENTITY = "Apple Development";
				"CODE_SIGN_IDENTITY[sdk=macosx*]" = "Apple Development";
				CODE_SIGN_STYLE = Automatic;
				COMBINE_HIDPI_IMAGES = YES;
				CURRENT_PROJECT_VERSION = 13;
				DEAD_CODE_STRIPPING = YES;
				DEVELOPMENT_ASSET_PATHS = "\"StatsBar/Preview Content\"";
				DEVELOPMENT_TEAM = TRS835V4P2;
				ENABLE_HARDENED_RUNTIME = YES;
				ENABLE_PREVIEWS = YES;
				GENERATE_INFOPLIST_FILE = YES;
				INFOPLIST_FILE = Config/Info.plist;
				INFOPLIST_KEY_CFBundleDisplayName = StatsBar;
				INFOPLIST_KEY_LSApplicationCategoryType = "public.app-category.utilities";
				INFOPLIST_KEY_LSUIElement = YES;
				INFOPLIST_KEY_NSHumanReadableCopyright = "";
				INFOPLIST_KEY_NSLocationWhenInUseUsageDescription = "Used to read the connected Wi-Fi network name.";
				LD_RUNPATH_SEARCH_PATHS = (
					"$(inherited)",
					"@executable_path/../Frameworks",
				);
				MACOSX_DEPLOYMENT_TARGET = 14.0;
				MARKETING_VERSION = 2.0.1;
				PRODUCT_BUNDLE_IDENTIFIER = com.shank03.StatsBar;
				PRODUCT_NAME = "$(TARGET_NAME)";
				PROVISIONING_PROFILE_SPECIFIER = "";
				SWIFT_EMIT_LOC_STRINGS = YES;
				SWIFT_OBJC_BRIDGING_HEADER = "$(SRCROOT)/$(PROJECT_NAME)/$(SWIFT_MODULE_NAME)-Bridging-Header.h";
				SWIFT_VERSION = 5.0;
			};
			name = Debug;
		};
		D41EC8852CE24DF700452C1F /* Release */ = {
			isa = XCBuildConfiguration;
			buildSettings = {
				ASSETCATALOG_COMPILER_APPICON_NAME = AppIcon;
				ASSETCATALOG_COMPILER_GLOBAL_ACCENT_COLOR_NAME = AccentColor;
				CLANG_USE_OPTIMIZATION_PROFILE = YES;
				CODE_SIGN_ENTITLEMENTS = StatsBar/StatsBar.entitlements;
				CODE_SIGN_IDENTITY = "Apple Development";
				"CODE_SIGN_IDENTITY[sdk=macosx*]" = "Apple Development";
				CODE_SIGN_STYLE = Automatic;
				COMBINE_HIDPI_IMAGES = YES;
				CURRENT_PROJECT_VERSION = 13;
				DEAD_CODE_STRIPPING = YES;
				DEVELOPMENT_ASSET_PATHS = "\"StatsBar/Preview Content\"";
				DEVELOPMENT_TEAM = TRS835V4P2;
				ENABLE_HARDENED_RUNTIME = YES;
				ENABLE_PREVIEWS = YES;
				GENERATE_INFOPLIST_FILE = YES;
				INFOPLIST_FILE = Config/Info.plist;
				INFOPLIST_KEY_CFBundleDisplayName = StatsBar;
				INFOPLIST_KEY_LSApplicationCategoryType = "public.app-category.utilities";
				INFOPLIST_KEY_LSUIElement = YES;
				INFOPLIST_KEY_NSHumanReadableCopyright = "";
				INFOPLIST_KEY_NSLocationWhenInUseUsageDescription = "Used to read the connected Wi-Fi network name.";
				LD_RUNPATH_SEARCH_PATHS = (
					"$(inherited)",
					"@executable_path/../Frameworks",
				);
				MACOSX_DEPLOYMENT_TARGET = 14.0;
				MARKETING_VERSION = 2.0.1;
				ONLY_ACTIVE_ARCH = YES;
				PRODUCT_BUNDLE_IDENTIFIER = com.shank03.StatsBar;
				PRODUCT_NAME = "$(TARGET_NAME)";
				PROVISIONING_PROFILE_SPECIFIER = "";
				SWIFT_EMIT_LOC_STRINGS = YES;
				SWIFT_OBJC_BRIDGING_HEADER = "$(SRCROOT)/$(PROJECT_NAME)/$(SWIFT_MODULE_NAME)-Bridging-Header.h";
				SWIFT_VERSION = 5.0;
			};
			name = Release;
		};
		D41EC8872CE24DF700452C1F /* Debug */ = {
			isa = XCBuildConfiguration;
			buildSettings = {
				BUNDLE_LOADER = "$(TEST_HOST)";
				CODE_SIGN_STYLE = Automatic;
				CURRENT_PROJECT_VERSION = 1;
				DEAD_CODE_STRIPPING = YES;
				DEVELOPMENT_TEAM = TRS835V4P2;
				GENERATE_INFOPLIST_FILE = YES;
				MACOSX_DEPLOYMENT_TARGET = 14.0;
				MARKETING_VERSION = 1.0;
				PRODUCT_BUNDLE_IDENTIFIER = com.shank03.StatsBarTests;
				PRODUCT_NAME = "$(TARGET_NAME)";
				SWIFT_EMIT_LOC_STRINGS = NO;
				SWIFT_VERSION = 5.0;
				TEST_HOST = "$(BUILT_PRODUCTS_DIR)/StatsBar.app/$(BUNDLE_EXECUTABLE_FOLDER_PATH)/StatsBar";
			};
			name = Debug;
		};
		D41EC8882CE24DF700452C1F /* Release */ = {
			isa = XCBuildConfiguration;
			buildSettings = {
				BUNDLE_LOADER = "$(TEST_HOST)";
				CODE_SIGN_STYLE = Automatic;
				CURRENT_PROJECT_VERSION = 1;
				DEAD_CODE_STRIPPING = YES;
				DEVELOPMENT_TEAM = TRS835V4P2;
				GENERATE_INFOPLIST_FILE = YES;
				MACOSX_DEPLOYMENT_TARGET = 14.0;
				MARKETING_VERSION = 1.0;
				PRODUCT_BUNDLE_IDENTIFIER = com.shank03.StatsBarTests;
				PRODUCT_NAME = "$(TARGET_NAME)";
				SWIFT_EMIT_LOC_STRINGS = NO;
				SWIFT_VERSION = 5.0;
				TEST_HOST = "$(BUILT_PRODUCTS_DIR)/StatsBar.app/$(BUNDLE_EXECUTABLE_FOLDER_PATH)/StatsBar";
			};
			name = Release;
		};
		D41EC88A2CE24DF700452C1F /* Debug */ = {
			isa = XCBuildConfiguration;
			buildSettings = {
				CODE_SIGN_STYLE = Automatic;
				CURRENT_PROJECT_VERSION = 1;
				DEAD_CODE_STRIPPING = YES;
				DEVELOPMENT_TEAM = TRS835V4P2;
				GENERATE_INFOPLIST_FILE = YES;
				MARKETING_VERSION = 1.0;
				PRODUCT_BUNDLE_IDENTIFIER = com.shank03.StatsBarUITests;
				PRODUCT_NAME = "$(TARGET_NAME)";
				SWIFT_EMIT_LOC_STRINGS = NO;
				SWIFT_VERSION = 5.0;
				TEST_TARGET_NAME = StatsBar;
			};
			name = Debug;
		};
		D41EC88B2CE24DF700452C1F /* Release */ = {
			isa = XCBuildConfiguration;
			buildSettings = {
				CODE_SIGN_STYLE = Automatic;
				CURRENT_PROJECT_VERSION = 1;
				DEAD_CODE_STRIPPING = YES;
				DEVELOPMENT_TEAM = TRS835V4P2;
				GENERATE_INFOPLIST_FILE = YES;
				MARKETING_VERSION = 1.0;
				PRODUCT_BUNDLE_IDENTIFIER = com.shank03.StatsBarUITests;
				PRODUCT_NAME = "$(TARGET_NAME)";
				SWIFT_EMIT_LOC_STRINGS = NO;
				SWIFT_VERSION = 5.0;
				TEST_TARGET_NAME = StatsBar;
			};
			name = Release;
		};
/* End XCBuildConfiguration section */

/* Begin XCConfigurationList section */
		D41EC8572CE24DF600452C1F /* Build configuration list for PBXProject "StatsBar" */ = {
			isa = XCConfigurationList;
			buildConfigurations = (
				D41EC8812CE24DF700452C1F /* Debug */,
				D41EC8822CE24DF700452C1F /* Release */,
			);
			defaultConfigurationIsVisible = 0;
			defaultConfigurationName = Release;
		};
		D41EC8832CE24DF700452C1F /* Build configuration list for PBXNativeTarget "StatsBar" */ = {
			isa = XCConfigurationList;
			buildConfigurations = (
				D41EC8842CE24DF700452C1F /* Debug */,
				D41EC8852CE24DF700452C1F /* Release */,
			);
			defaultConfigurationIsVisible = 0;
			defaultConfigurationName = Release;
		};
		D41EC8862CE24DF700452C1F /* Build configuration list for PBXNativeTarget "StatsBarTests" */ = {
			isa = XCConfigurationList;
			buildConfigurations = (
				D41EC8872CE24DF700452C1F /* Debug */,
				D41EC8882CE24DF700452C1F /* Release */,
			);
			defaultConfigurationIsVisible = 0;
			defaultConfigurationName = Release;
		};
		D41EC8892CE24DF700452C1F /* Build configuration list for PBXNativeTarget "StatsBarUITests" */ = {
			isa = XCConfigurationList;
			buildConfigurations = (
				D41EC88A2CE24DF700452C1F /* Debug */,
				D41EC88B2CE24DF700452C1F /* Release */,
			);
			defaultConfigurationIsVisible = 0;
			defaultConfigurationName = Release;
		};
/* End XCConfigurationList section */

/* Begin XCRemoteSwiftPackageReference section */
		5A11E00000000000000000A1 /* XCRemoteSwiftPackageReference "Sparkle" */ = {
			isa = XCRemoteSwiftPackageReference;
			repositoryURL = "https://github.com/sparkle-project/Sparkle";
			requirement = {
				kind = upToNextMajorVersion;
				minimumVersion = 2.0.0;
			};
		};
		D455C1322CF502860086065B /* XCRemoteSwiftPackageReference "swift-collections" */ = {
			isa = XCRemoteSwiftPackageReference;
			repositoryURL = "https://github.com/apple/swift-collections.git";
			requirement = {
				kind = upToNextMajorVersion;
				minimumVersion = 1.1.4;
			};
		};
		D4790CC82D09998700D9C2AE /* XCRemoteSwiftPackageReference "LaunchAtLogin-Modern" */ = {
			isa = XCRemoteSwiftPackageReference;
			repositoryURL = "https://github.com/sindresorhus/LaunchAtLogin-Modern";
			requirement = {
				branch = main;
				kind = branch;
			};
		};
/* End XCRemoteSwiftPackageReference section */

/* Begin XCSwiftPackageProductDependency section */
		5A11E00000000000000000A2 /* Sparkle */ = {
			isa = XCSwiftPackageProductDependency;
			package = 5A11E00000000000000000A1 /* XCRemoteSwiftPackageReference "Sparkle" */;
			productName = Sparkle;
		};
		D455C1332CF502860086065B /* BitCollections */ = {
			isa = XCSwiftPackageProductDependency;
			package = D455C1322CF502860086065B /* XCRemoteSwiftPackageReference "swift-collections" */;
			productName = BitCollections;
		};
		D455C1352CF502860086065B /* Collections */ = {
			isa = XCSwiftPackageProductDependency;
			package = D455C1322CF502860086065B /* XCRemoteSwiftPackageReference "swift-collections" */;
			productName = Collections;
		};
		D455C1372CF502860086065B /* DequeModule */ = {
			isa = XCSwiftPackageProductDependency;
			package = D455C1322CF502860086065B /* XCRemoteSwiftPackageReference "swift-collections" */;
			productName = DequeModule;
		};
		D455C1392CF502860086065B /* HashTreeCollections */ = {
			isa = XCSwiftPackageProductDependency;
			package = D455C1322CF502860086065B /* XCRemoteSwiftPackageReference "swift-collections" */;
			productName = HashTreeCollections;
		};
		D455C13B2CF502860086065B /* HeapModule */ = {
			isa = XCSwiftPackageProductDependency;
			package = D455C1322CF502860086065B /* XCRemoteSwiftPackageReference "swift-collections" */;
			productName = HeapModule;
		};
		D455C13D2CF502860086065B /* OrderedCollections */ = {
			isa = XCSwiftPackageProductDependency;
			package = D455C1322CF502860086065B /* XCRemoteSwiftPackageReference "swift-collections" */;
			productName = OrderedCollections;
		};
		D4790CC92D09998700D9C2AE /* LaunchAtLogin */ = {
			isa = XCSwiftPackageProductDependency;
			package = D4790CC82D09998700D9C2AE /* XCRemoteSwiftPackageReference "LaunchAtLogin-Modern" */;
			productName = LaunchAtLogin;
		};
/* End XCSwiftPackageProductDependency section */
	};
	rootObject = D41EC8542CE24DF600452C1F /* Project object */;
}
